// !$*UTF8*$!
{
	archiveVersion = 1;
	classes = {
	};
	objectVersion = 50;
	objects = {

/* Begin PBXBuildFile section */
		04208CC3251CD6A6003AEBB2 /* AppDelegate.swift in Sources */ = {isa = PBXBuildFile; fileRef = 04208CC2251CD6A6003AEBB2 /* AppDelegate.swift */; };
		04208CC5251CD6A6003AEBB2 /* SceneDelegate.swift in Sources */ = {isa = PBXBuildFile; fileRef = 04208CC4251CD6A6003AEBB2 /* SceneDelegate.swift */; };
		04208CC7251CD6A6003AEBB2 /* ViewController.swift in Sources */ = {isa = PBXBuildFile; fileRef = 04208CC6251CD6A6003AEBB2 /* ViewController.swift */; };
		04208CCA251CD6A6003AEBB2 /* Main.storyboard in Resources */ = {isa = PBXBuildFile; fileRef = 04208CC8251CD6A6003AEBB2 /* Main.storyboard */; };
		04208CCC251CD6A9003AEBB2 /* Assets.xcassets in Resources */ = {isa = PBXBuildFile; fileRef = 04208CCB251CD6A9003AEBB2 /* Assets.xcassets */; };
		04208CCF251CD6A9003AEBB2 /* LaunchScreen.storyboard in Resources */ = {isa = PBXBuildFile; fileRef = 04208CCD251CD6A9003AEBB2 /* LaunchScreen.storyboard */; };
/* End PBXBuildFile section */

/* Begin PBXFileReference section */
		04208CBF251CD6A6003AEBB2 /* ios-hw-3-p1.app */ = {isa = PBXFileReference; explicitFileType = wrapper.application; includeInIndex = 0; path = "ios-hw-3-p1.app"; sourceTree = BUILT_PRODUCTS_DIR; };
		04208CC2251CD6A6003AEBB2 /* AppDelegate.swift */ = {isa = PBXFileReference; lastKnownFileType = sourcecode.swift; path = AppDelegate.swift; sourceTree = "<group>"; };
		04208CC4251CD6A6003AEBB2 /* SceneDelegate.swift */ = {isa = PBXFileReference; lastKnownFileType = sourcecode.swift; path = SceneDelegate.swift; sourceTree = "<group>"; };
		04208CC6251CD6A6003AEBB2 /* ViewController.swift */ = {isa = PBXFileReference; lastKnownFileType = sourcecode.swift; path = ViewController.swift; sourceTree = "<group>"; };
		04208CC9251CD6A6003AEBB2 /* Base */ = {isa = PBXFileReference; lastKnownFileType = file.storyboard; name = Base; path = Base.lproj/Main.storyboard; sourceTree = "<group>"; };
		04208CCB251CD6A9003AEBB2 /* Assets.xcassets */ = {isa = PBXFileReference; lastKnownFileType = folder.assetcatalog; path = Assets.xcassets; sourceTree = "<group>"; };
		04208CCE251CD6A9003AEBB2 /* Base */ = {isa = PBXFileReference; lastKnownFileType = file.storyboard; name = Base; path = Base.lproj/LaunchScreen.storyboard; sourceTree = "<group>"; };
		04208CD0251CD6A9003AEBB2 /* Info.plist */ = {isa = PBXFileReference; lastKnownFileType = text.plist.xml; path = Info.plist; sourceTree = "<group>"; };
/* End PBXFileReference section */

/* Begin PBXFrameworksBuildPhase section */
		04208CBC251CD6A6003AEBB2 /* Frameworks */ = {
			isa = PBXFrameworksBuildPhase;
			buildActionMask = 2147483647;
			files = (
			);
			runOnlyForDeploymentPostprocessing = 0;
		};
/* End PBXFrameworksBuildPhase section */

/* Begin PBXGroup section */
		04208CB6251CD6A6003AEBB2 = {
			isa = PBXGroup;
			children = (
				04208CC1251CD6A6003AEBB2 /* ios-hw-3-p1 */,
				04208CC0251CD6A6003AEBB2 /* Products */,
			);
			sourceTree = "<group>";
		};
		04208CC0251CD6A6003AEBB2 /* Products */ = {
			isa = PBXGroup;
			children = (
				04208CBF251CD6A6003AEBB2 /* ios-hw-3-p1.app */,
			);
			name = Products;
			sourceTree = "<group>";
		};
		04208CC1251CD6A6003AEBB2 /* ios-hw-3-p1 */ = {
			isa = PBXGroup;
			children = (
				04208CC2251CD6A6003AEBB2 /* AppDelegate.swift */,
				04208CC4251CD6A6003AEBB2 /* SceneDelegate.swift */,
				04208CC6251CD6A6003AEBB2 /* ViewController.swift */,
				04208CC8251CD6A6003AEBB2 /* Main.storyboard */,
				04208CCB251CD6A9003AEBB2 /* Assets.xcassets */,
				04208CCD251CD6A9003AEBB2 /* LaunchScreen.storyboard */,
				04208CD0251CD6A9003AEBB2 /* Info.plist */,
			);
			path = "ios-hw-3-p1";
			sourceTree = "<group>";
		};
/* End PBXGroup section */

/* Begin PBXNativeTarget section */
		04208CBE251CD6A6003AEBB2 /* ios-hw-3-p1 */ = {
			isa = PBXNativeTarget;
			buildConfigurationList = 04208CD3251CD6A9003AEBB2 /* Build configuration list for PBXNativeTarget "ios-hw-3-p1" */;
			buildPhases = (
				04208CBB251CD6A6003AEBB2 /* Sources */,
				04208CBC251CD6A6003AEBB2 /* Frameworks */,
				04208CBD251CD6A6003AEBB2 /* Resources */,
			);
			buildRules = (
			);
			dependencies = (
			);
			name = "ios-hw-3-p1";
			productName = "ios-hw-3-p1";
			productReference = 04208CBF251CD6A6003AEBB2 /* ios-hw-3-p1.app */;
			productType = "com.apple.product-type.application";
		};
/* End PBXNativeTarget section */

/* Begin PBXProject section */
		04208CB7251CD6A6003AEBB2 /* Project object */ = {
			isa = PBXProject;
			attributes = {
				LastSwiftUpdateCheck = 1160;
				LastUpgradeCheck = 1160;
				ORGANIZATIONNAME = Mac;
				TargetAttributes = {
					04208CBE251CD6A6003AEBB2 = {
						CreatedOnToolsVersion = 11.6;
					};
				};
			};
			buildConfigurationList = 04208CBA251CD6A6003AEBB2 /* Build configuration list for PBXProject "ios-hw-3-p1" */;
			compatibilityVersion = "Xcode 9.3";
			developmentRegion = en;
			hasScannedForEncodings = 0;
			knownRegions = (
				en,
				Base,
			);
			mainGroup = 04208CB6251CD6A6003AEBB2;
			productRefGroup = 04208CC0251CD6A6003AEBB2 /* Products */;
			projectDirPath = "";
			projectRoot = "";
			targets = (
				04208CBE251CD6A6003AEBB2 /* ios-hw-3-p1 */,
			);
		};
/* End PBXProject section */

/* Begin PBXResourcesBuildPhase section */
		04208CBD251CD6A6003AEBB2 /* Resources */ = {
			isa = PBXResourcesBuildPhase;
			buildActionMask = 2147483647;
			files = (
				04208CCF251CD6A9003AEBB2 /* LaunchScreen.storyboard in Resources */,
				04208CCC251CD6A9003AEBB2 /* Assets.xcassets in Resources */,
				04208CCA251CD6A6003AEBB2 /* Main.storyboard in Resources */,
			);
			runOnlyForDeploymentPostprocessing = 0;
		};
/* End PBXResourcesBuildPhase section */

/* Begin PBXSourcesBuildPhase section */
		04208CBB251CD6A6003AEBB2 /* Sources */ = {
			isa = PBXSourcesBuildPhase;
			buildActionMask = 2147483647;
			files = (
				04208CC7251CD6A6003AEBB2 /* ViewController.swift in Sources */,
				04208CC3251CD6A6003AEBB2 /* AppDelegate.swift in Sources */,
				04208CC5251CD6A6003AEBB2 /* SceneDelegate.swift in Sources */,
			);
			runOnlyForDeploymentPostprocessing = 0;
		};
/* End PBXSourcesBuildPhase section */

/* Begin PBXVariantGroup section */
		04208CC8251CD6A6003AEBB2 /* Main.storyboard */ = {
			isa = PBXVariantGroup;
			children = (
				04208CC9251CD6A6003AEBB2 /* Base */,
			);
			name = Main.storyboard;
			sourceTree = "<group>";
		};
		04208CCD251CD6A9003AEBB2 /* LaunchScreen.storyboard */ = {
			isa = PBXVariantGroup;
			children = (
				04208CCE251CD6A9003AEBB2 /* Base */,
			);
			name = LaunchScreen.storyboard;
			sourceTree = "<group>";
		};
/* End PBXVariantGroup section */

/* Begin XCBuildConfiguration section */
		04208CD1251CD6A9003AEBB2 /* Debug */ = {
			isa = XCBuildConfiguration;
			buildSettings = {
				ALWAYS_SEARCH_USER_PATHS = NO;
				CLANG_ANALYZER_NONNULL = YES;
				CLANG_ANALYZER_NUMBER_OBJECT_CONVERSION = YES_AGGRESSIVE;
				CLANG_CXX_LANGUAGE_STANDARD = "gnu++14";
				CLANG_CXX_LIBRARY = "libc++";
				CLANG_ENABLE_MODULES = YES;
				CLANG_ENABLE_OBJC_ARC = YES;
				CLANG_ENABLE_OBJC_WEAK = YES;
				CLANG_WARN_BLOCK_CAPTURE_AUTORELEASING = YES;
				CLANG_WARN_BOOL_CONVERSION = YES;
				CLANG_WARN_COMMA = YES;
				CLANG_WARN_CONSTANT_CONVERSION = YES;
				CLANG_WARN_DEPRECATED_OBJC_IMPLEMENTATIONS = YES;
				CLANG_WARN_DIRECT_OBJC_ISA_USAGE = YES_ERROR;
				CLANG_WARN_DOCUMENTATION_COMMENTS = YES;
				CLANG_WARN_EMPTY_BODY = YES;
				CLANG_WARN_ENUM_CONVERSION = YES;
				CLANG_WARN_INFINITE_RECURSION = YES;
				CLANG_WARN_INT_CONVERSION = YES;
				CLANG_WARN_NON_LITERAL_NULL_CONVERSION = YES;
				CLANG_WARN_OBJC_IMPLICIT_RETAIN_SELF = YES;
				CLANG_WARN_OBJC_LITERAL_CONVERSION = YES;
				CLANG_WARN_OBJC_ROOT_CLASS = YES_ERROR;
				CLANG_WARN_RANGE_LOOP_ANALYSIS = YES;
				CLANG_WARN_STRICT_PROTOTYPES = YES;
				CLANG_WARN_SUSPICIOUS_MOVE = YES;
				CLANG_WARN_UNGUARDED_AVAILABILITY = YES_AGGRESSIVE;
				CLANG_WARN_UNREACHABLE_CODE = YES;
				CLANG_WARN__DUPLICATE_METHOD_MATCH = YES;
				COPY_PHASE_STRIP = NO;
				DEBUG_INFORMATION_FORMAT = dwarf;
				ENABLE_STRICT_OBJC_MSGSEND = YES;
				ENABLE_TESTABILITY = YES;
				GCC_C_LANGUAGE_STANDARD = gnu11;
				GCC_DYNAMIC_NO_PIC = NO;
				GCC_NO_COMMON_BLOCKS = YES;
				GCC_OPTIMIZATION_LEVEL = 0;
				GCC_PREPROCESSOR_DEFINITIONS = (
					"DEBUG=1",
					"$(inherited)",
				);
				GCC_WARN_64_TO_32_BIT_CONVERSION = YES;
				GCC_WARN_ABOUT_RETURN_TYPE = YES_ERROR;
				GCC_WARN_UNDECLARED_SELECTOR = YES;
				GCC_WARN_UNINITIALIZED_AUTOS = YES_AGGRESSIVE;
				GCC_WARN_UNUSED_FUNCTION = YES;
				GCC_WARN_UNUSED_VARIABLE = YES;
				IPHONEOS_DEPLOYMENT_TARGET = 13.6;
				MTL_ENABLE_DEBUG_INFO = INCLUDE_SOURCE;
				MTL_FAST_MATH = YES;
				ONLY_ACTIVE_ARCH = YES;
				SDKROOT = iphoneos;
				SWIFT_ACTIVE_COMPILATION_CONDITIONS = DEBUG;
				SWIFT_OPTIMIZATION_LEVEL = "-Onone";
			};
			name = Debug;
		};
		04208CD2251CD6A9003AEBB2 /* Release */ = {
			isa = XCBuildConfiguration;
			buildSettings = {
				ALWAYS_SEARCH_USER_PATHS = NO;
				CLANG_ANALYZER_NONNULL = YES;
				CLANG_ANALYZER_NUMBER_OBJECT_CONVERSION = YES_AGGRESSIVE;
				CLANG_CXX_LANGUAGE_STANDARD = "gnu++14";
				CLANG_CXX_LIBRARY = "libc++";
				CLANG_ENABLE_MODULES = YES;
				CLANG_ENABLE_OBJC_ARC = YES;
				CLANG_ENABLE_OBJC_WEAK = YES;
				CLANG_WARN_BLOCK_CAPTURE_AUTORELEASING = YES;
				CLANG_WARN_BOOL_CONVERSION = YES;
				CLANG_WARN_COMMA = YES;
				CLANG_WARN_CONSTANT_CONVERSION = YES;
				CLANG_WARN_DEPRECATED_OBJC_IMPLEMENTATIONS = YES;
				CLANG_WARN_DIRECT_OBJC_ISA_USAGE = YES_ERROR;
				CLANG_WARN_DOCUMENTATION_COMMENTS = YES;
				CLANG_WARN_EMPTY_BODY = YES;
				CLANG_WARN_ENUM_CONVERSION = YES;
				CLANG_WARN_INFINITE_RECURSION = YES;
				CLANG_WARN_INT_CONVERSION = YES;
				CLANG_WARN_NON_LITERAL_NULL_CONVERSION = YES;
				CLANG_WARN_OBJC_IMPLICIT_RETAIN_SELF = YES;
				CLANG_WARN_OBJC_LITERAL_CONVERSION = YES;
				CLANG_WARN_OBJC_ROOT_CLASS = YES_ERROR;
				CLANG_WARN_RANGE_LOOP_ANALYSIS = YES;
				CLANG_WARN_STRICT_PROTOTYPES = YES;
				CLANG_WARN_SUSPICIOUS_MOVE = YES;
				CLANG_WARN_UNGUARDED_AVAILABILITY = YES_AGGRESSIVE;
				CLANG_WARN_UNREACHABLE_CODE = YES;
				CLANG_WARN__DUPLICATE_METHOD_MATCH = YES;
				COPY_PHASE_STRIP = NO;
				DEBUG_INFORMATION_FORMAT = "dwarf-with-dsym";
				ENABLE_NS_ASSERTIONS = NO;
				ENABLE_STRICT_OBJC_MSGSEND = YES;
				GCC_C_LANGUAGE_STANDARD = gnu11;
				GCC_NO_COMMON_BLOCKS = YES;
				GCC_WARN_64_TO_32_BIT_CONVERSION = YES;
				GCC_WARN_ABOUT_RETURN_TYPE = YES_ERROR;
				GCC_WARN_UNDECLARED_SELECTOR = YES;
				GCC_WARN_UNINITIALIZED_AUTOS = YES_AGGRESSIVE;
				GCC_WARN_UNUSED_FUNCTION = YES;
				GCC_WARN_UNUSED_VARIABLE = YES;
				IPHONEOS_DEPLOYMENT_TARGET = 13.6;
				MTL_ENABLE_DEBUG_INFO = NO;
				MTL_FAST_MATH = YES;
				SDKROOT = iphoneos;
				SWIFT_COMPILATION_MODE = wholemodule;
				SWIFT_OPTIMIZATION_LEVEL = "-O";
				VALIDATE_PRODUCT = YES;
			};
			name = Release;
		};
		04208CD4251CD6A9003AEBB2 /* Debug */ = {
			isa = XCBuildConfiguration;
			buildSettings = {
				ASSETCATALOG_COMPILER_APPICON_NAME = AppIcon;
				CODE_SIGN_STYLE = Automatic;
				INFOPLIST_FILE = "ios-hw-3-p1/Info.plist";
				IPHONEOS_DEPLOYMENT_TARGET = 13.1;
				LD_RUNPATH_SEARCH_PATHS = (
					"$(inherited)",
					"@executable_path/Frameworks",
				);
				PRODUCT_BUNDLE_IDENTIFIER = "com.ios-hw-3-p1";
				PRODUCT_NAME = "$(TARGET_NAME)";
				SWIFT_VERSION = 5.0;
				TARGETED_DEVICE_FAMILY = "1,2";
			};
			name = Debug;
		};
		04208CD5251CD6A9003AEBB2 /* Release */ = {
			isa = XCBuildConfiguration;
			buildSettings = {
				ASSETCATALOG_COMPILER_APPICON_NAME = AppIcon;
				CODE_SIGN_STYLE = Automatic;
				INFOPLIST_FILE = "ios-hw-3-p1/Info.plist";
				IPHONEOS_DEPLOYMENT_TARGET = 13.1;
				LD_RUNPATH_SEARCH_PATHS = (
					"$(inherited)",
					"@executable_path/Frameworks",
				);
				PRODUCT_BUNDLE_IDENTIFIER = "com.ios-hw-3-p1";
				PRODUCT_NAME = "$(TARGET_NAME)";
				SWIFT_VERSION = 5.0;
				TARGETED_DEVICE_FAMILY = "1,2";
			};
			name = Release;
		};
/* End XCBuildConfiguration section */

/* Begin XCConfigurationList section */
		04208CBA251CD6A6003AEBB2 /* Build configuration list for PBXProject "ios-hw-3-p1" */ = {
			isa = XCConfigurationList;
			buildConfigurations = (
				04208CD1251CD6A9003AEBB2 /* Debug */,
				04208CD2251CD6A9003AEBB2 /* Release */,
			);
			defaultConfigurationIsVisible = 0;
			defaultConfigurationName = Release;
		};
		04208CD3251CD6A9003AEBB2 /* Build configuration list for PBXNativeTarget "ios-hw-3-p1" */ = {
			isa = XCConfigurationList;
			buildConfigurations = (
				04208CD4251CD6A9003AEBB2 /* Debug */,
				04208CD5251CD6A9003AEBB2 /* Release */,
			);
			defaultConfigurationIsVisible = 0;
			defaultConfigurationName = Release;
		};
/* End XCConfigurationList section */
	};
	rootObject = 04208CB7251CD6A6003AEBB2 /* Project object */;
}
