// !$*UTF8*$!
{
	archiveVersion = 1;
	classes = {
	};
	objectVersion = 50;
	objects = {

/* Begin PBXBuildFile section */
		0479F3D1252236270000C647 /* AppDelegate.swift in Sources */ = {isa = PBXBuildFile; fileRef = 0479F3D0252236270000C647 /* AppDelegate.swift */; };
		0479F3D3252236270000C647 /* SceneDelegate.swift in Sources */ = {isa = PBXBuildFile; fileRef = 0479F3D2252236270000C647 /* SceneDelegate.swift */; };
		0479F3D5252236270000C647 /* ViewController.swift in Sources */ = {isa = PBXBuildFile; fileRef = 0479F3D4252236270000C647 /* ViewController.swift */; };
		0479F3D8252236270000C647 /* Main.storyboard in Resources */ = {isa = PBXBuildFile; fileRef = 0479F3D6252236270000C647 /* Main.storyboard */; };
		0479F3DA2522362B0000C647 /* Assets.xcassets in Resources */ = {isa = PBXBuildFile; fileRef = 0479F3D92522362B0000C647 /* Assets.xcassets */; };
		0479F3DD2522362B0000C647 /* LaunchScreen.storyboard in Resources */ = {isa = PBXBuildFile; fileRef = 0479F3DB2522362B0000C647 /* LaunchScreen.storyboard */; };
		0479F3E62523C25D0000C647 /* Waltz-music-loop_2.mp3 in Resources */ = {isa = PBXBuildFile; fileRef = 0479F3E52523C25D0000C647 /* Waltz-music-loop_2.mp3 */; };
/* End PBXBuildFile section */

/* Begin PBXFileReference section */
		0479F3CD252236270000C647 /* ios-cw-6-hm-3-x-o.app */ = {isa = PBXFileReference; explicitFileType = wrapper.application; includeInIndex = 0; path = "ios-cw-6-hm-3-x-o.app"; sourceTree = BUILT_PRODUCTS_DIR; };
		0479F3D0252236270000C647 /* AppDelegate.swift */ = {isa = PBXFileReference; lastKnownFileType = sourcecode.swift; path = AppDelegate.swift; sourceTree = "<group>"; };
		0479F3D2252236270000C647 /* SceneDelegate.swift */ = {isa = PBXFileReference; lastKnownFileType = sourcecode.swift; path = SceneDelegate.swift; sourceTree = "<group>"; };
		0479F3D4252236270000C647 /* ViewController.swift */ = {isa = PBXFileReference; lastKnownFileType = sourcecode.swift; path = ViewController.swift; sourceTree = "<group>"; };
		0479F3D7252236270000C647 /* Base */ = {isa = PBXFileReference; lastKnownFileType = file.storyboard; name = Base; path = Base.lproj/Main.storyboard; sourceTree = "<group>"; };
		0479F3D92522362B0000C647 /* Assets.xcassets */ = {isa = PBXFileReference; lastKnownFileType = folder.assetcatalog; path = Assets.xcassets; sourceTree = "<group>"; };
		0479F3DC2522362B0000C647 /* Base */ = {isa = PBXFileReference; lastKnownFileType = file.storyboard; name = Base; path = Base.lproj/LaunchScreen.storyboard; sourceTree = "<group>"; };
		0479F3DE2522362B0000C647 /* Info.plist */ = {isa = PBXFileReference; lastKnownFileType = text.plist.xml; path = Info.plist; sourceTree = "<group>"; };
		0479F3E52523C25D0000C647 /* Waltz-music-loop_2.mp3 */ = {isa = PBXFileReference; lastKnownFileType = audio.mp3; path = "Waltz-music-loop_2.mp3"; sourceTree = "<group>"; };
/* End PBXFileReference section */

/* Begin PBXFrameworksBuildPhase section */
		0479F3CA252236270000C647 /* Frameworks */ = {
			isa = PBXFrameworksBuildPhase;
			buildActionMask = 2147483647;
			files = (
			);
			runOnlyForDeploymentPostprocessing = 0;
		};
/* End PBXFrameworksBuildPhase section */

/* Begin PBXGroup section */
		0479F3C4252236270000C647 = {
			isa = PBXGroup;
			children = (
				0479F3CF252236270000C647 /* ios-cw-6-hm-3-x-o */,
				0479F3CE252236270000C647 /* Products */,
			);
			sourceTree = "<group>";
		};
		0479F3CE252236270000C647 /* Products */ = {
			isa = PBXGroup;
			children = (
				0479F3CD252236270000C647 /* ios-cw-6-hm-3-x-o.app */,
			);
			name = Products;
			sourceTree = "<group>";
		};
		0479F3CF252236270000C647 /* ios-cw-6-hm-3-x-o */ = {
			isa = PBXGroup;
			children = (
				0479F3E42523C1F30000C647 /* music */,
				0479F3D0252236270000C647 /* AppDelegate.swift */,
				0479F3D2252236270000C647 /* SceneDelegate.swift */,
				0479F3D4252236270000C647 /* ViewController.swift */,
				0479F3D6252236270000C647 /* Main.storyboard */,
				0479F3D92522362B0000C647 /* Assets.xcassets */,
				0479F3DB2522362B0000C647 /* LaunchScreen.storyboard */,
				0479F3DE2522362B0000C647 /* Info.plist */,
			);
			path = "ios-cw-6-hm-3-x-o";
			sourceTree = "<group>";
		};
		0479F3E42523C1F30000C647 /* music */ = {
			isa = PBXGroup;
			children = (
				0479F3E52523C25D0000C647 /* Waltz-music-loop_2.mp3 */,
			);
			path = music;
			sourceTree = "<group>";
		};
/* End PBXGroup section */

/* Begin PBXNativeTarget section */
		0479F3CC252236270000C647 /* ios-cw-6-hm-3-x-o */ = {
			isa = PBXNativeTarget;
			buildConfigurationList = 0479F3E12522362B0000C647 /* Build configuration list for PBXNativeTarget "ios-cw-6-hm-3-x-o" */;
			buildPhases = (
				0479F3C9252236270000C647 /* Sources */,
				0479F3CA252236270000C647 /* Frameworks */,
				0479F3CB252236270000C647 /* Resources */,
			);
			buildRules = (
			);
			dependencies = (
			);
			name = "ios-cw-6-hm-3-x-o";
			productName = "ios-cw-6-hm-3-x-o";
			productReference = 0479F3CD252236270000C647 /* ios-cw-6-hm-3-x-o.app */;
			productType = "com.apple.product-type.application";
		};
/* End PBXNativeTarget section */

/* Begin PBXProject section */
		0479F3C5252236270000C647 /* Project object */ = {
			isa = PBXProject;
			attributes = {
				LastSwiftUpdateCheck = 1160;
				LastUpgradeCheck = 1160;
				ORGANIZATIONNAME = Mac;
				TargetAttributes = {
					0479F3CC252236270000C647 = {
						CreatedOnToolsVersion = 11.6;
					};
				};
			};
			buildConfigurationList = 0479F3C8252236270000C647 /* Build configuration list for PBXProject "ios-cw-6-hm-3-x-o" */;
			compatibilityVersion = "Xcode 9.3";
			developmentRegion = en;
			hasScannedForEncodings = 0;
			knownRegions = (
				en,
				Base,
			);
			mainGroup = 0479F3C4252236270000C647;
			productRefGroup = 0479F3CE252236270000C647 /* Products */;
			projectDirPath = "";
			projectRoot = "";
			targets = (
				0479F3CC252236270000C647 /* ios-cw-6-hm-3-x-o */,
			);
		};
/* End PBXProject section */

/* Begin PBXResourcesBuildPhase section */
		0479F3CB252236270000C647 /* Resources */ = {
			isa = PBXResourcesBuildPhase;
			buildActionMask = 2147483647;
			files = (
				0479F3E62523C25D0000C647 /* Waltz-music-loop_2.mp3 in Resources */,
				0479F3DD2522362B0000C647 /* LaunchScreen.storyboard in Resources */,
				0479F3DA2522362B0000C647 /* Assets.xcassets in Resources */,
				0479F3D8252236270000C647 /* Main.storyboard in Resources */,
			);
			runOnlyForDeploymentPostprocessing = 0;
		};
/* End PBXResourcesBuildPhase section */

/* Begin PBXSourcesBuildPhase section */
		0479F3C9252236270000C647 /* Sources */ = {
			isa = PBXSourcesBuildPhase;
			buildActionMask = 2147483647;
			files = (
				0479F3D5252236270000C647 /* ViewController.swift in Sources */,
				0479F3D1252236270000C647 /* AppDelegate.swift in Sources */,
				0479F3D3252236270000C647 /* SceneDelegate.swift in Sources */,
			);
			runOnlyForDeploymentPostprocessing = 0;
		};
/* End PBXSourcesBuildPhase section */

/* Begin PBXVariantGroup section */
		0479F3D6252236270000C647 /* Main.storyboard */ = {
			isa = PBXVariantGroup;
			children = (
				0479F3D7252236270000C647 /* Base */,
			);
			name = Main.storyboard;
			sourceTree = "<group>";
		};
		0479F3DB2522362B0000C647 /* LaunchScreen.storyboard */ = {
			isa = PBXVariantGroup;
			children = (
				0479F3DC2522362B0000C647 /* Base */,
			);
			name = LaunchScreen.storyboard;
			sourceTree = "<group>";
		};
/* End PBXVariantGroup section */

/* Begin XCBuildConfiguration section */
		0479F3DF2522362B0000C647 /* Debug */ = {
			isa = XCBuildConfiguration;
			buildSettings = {
				ALWAYS_SEARCH_USER_PATHS = NO;
				CLANG_ANALYZER_NONNULL = YES;
				CLANG_ANALYZER_NUMBER_OBJECT_CONVERSION = YES_AGGRESSIVE;
				CLANG_CXX_LANGUAGE_STANDARD = "gnu++14";
				CLANG_CXX_LIBRARY = "libc++";
				CLANG_ENABLE_MODULES = YES;
				CLANG_ENABLE_OBJC_ARC = YES;
				CLANG_ENABLE_OBJC_WEAK = YES;
				CLANG_WARN_BLOCK_CAPTURE_AUTORELEASING = YES;
				CLANG_WARN_BOOL_CONVERSION = YES;
				CLANG_WARN_COMMA = YES;
				CLANG_WARN_CONSTANT_CONVERSION = YES;
				CLANG_WARN_DEPRECATED_OBJC_IMPLEMENTATIONS = YES;
				CLANG_WARN_DIRECT_OBJC_ISA_USAGE = YES_ERROR;
				CLANG_WARN_DOCUMENTATION_COMMENTS = YES;
				CLANG_WARN_EMPTY_BODY = YES;
				CLANG_WARN_ENUM_CONVERSION = YES;
				CLANG_WARN_INFINITE_RECURSION = YES;
				CLANG_WARN_INT_CONVERSION = YES;
				CLANG_WARN_NON_LITERAL_NULL_CONVERSION = YES;
				CLANG_WARN_OBJC_IMPLICIT_RETAIN_SELF = YES;
				CLANG_WARN_OBJC_LITERAL_CONVERSION = YES;
				CLANG_WARN_OBJC_ROOT_CLASS = YES_ERROR;
				CLANG_WARN_RANGE_LOOP_ANALYSIS = YES;
				CLANG_WARN_STRICT_PROTOTYPES = YES;
				CLANG_WARN_SUSPICIOUS_MOVE = YES;
				CLANG_WARN_UNGUARDED_AVAILABILITY = YES_AGGRESSIVE;
				CLANG_WARN_UNREACHABLE_CODE = YES;
				CLANG_WARN__DUPLICATE_METHOD_MATCH = YES;
				COPY_PHASE_STRIP = NO;
				DEBUG_INFORMATION_FORMAT = dwarf;
				ENABLE_STRICT_OBJC_MSGSEND = YES;
				ENABLE_TESTABILITY = YES;
				GCC_C_LANGUAGE_STANDARD = gnu11;
				GCC_DYNAMIC_NO_PIC = NO;
				GCC_NO_COMMON_BLOCKS = YES;
				GCC_OPTIMIZATION_LEVEL = 0;
				GCC_PREPROCESSOR_DEFINITIONS = (
					"DEBUG=1",
					"$(inherited)",
				);
				GCC_WARN_64_TO_32_BIT_CONVERSION = YES;
				GCC_WARN_ABOUT_RETURN_TYPE = YES_ERROR;
				GCC_WARN_UNDECLARED_SELECTOR = YES;
				GCC_WARN_UNINITIALIZED_AUTOS = YES_AGGRESSIVE;
				GCC_WARN_UNUSED_FUNCTION = YES;
				GCC_WARN_UNUSED_VARIABLE = YES;
				IPHONEOS_DEPLOYMENT_TARGET = 13.6;
				MTL_ENABLE_DEBUG_INFO = INCLUDE_SOURCE;
				MTL_FAST_MATH = YES;
				ONLY_ACTIVE_ARCH = YES;
				SDKROOT = iphoneos;
				SWIFT_ACTIVE_COMPILATION_CONDITIONS = DEBUG;
				SWIFT_OPTIMIZATION_LEVEL = "-Onone";
			};
			name = Debug;
		};
		0479F3E02522362B0000C647 /* Release */ = {
			isa = XCBuildConfiguration;
			buildSettings = {
				ALWAYS_SEARCH_USER_PATHS = NO;
				CLANG_ANALYZER_NONNULL = YES;
				CLANG_ANALYZER_NUMBER_OBJECT_CONVERSION = YES_AGGRESSIVE;
				CLANG_CXX_LANGUAGE_STANDARD = "gnu++14";
				CLANG_CXX_LIBRARY = "libc++";
				CLANG_ENABLE_MODULES = YES;
				CLANG_ENABLE_OBJC_ARC = YES;
				CLANG_ENABLE_OBJC_WEAK = YES;
				CLANG_WARN_BLOCK_CAPTURE_AUTORELEASING = YES;
				CLANG_WARN_BOOL_CONVERSION = YES;
				CLANG_WARN_COMMA = YES;
				CLANG_WARN_CONSTANT_CONVERSION = YES;
				CLANG_WARN_DEPRECATED_OBJC_IMPLEMENTATIONS = YES;
				CLANG_WARN_DIRECT_OBJC_ISA_USAGE = YES_ERROR;
				CLANG_WARN_DOCUMENTATION_COMMENTS = YES;
				CLANG_WARN_EMPTY_BODY = YES;
				CLANG_WARN_ENUM_CONVERSION = YES;
				CLANG_WARN_INFINITE_RECURSION = YES;
				CLANG_WARN_INT_CONVERSION = YES;
				CLANG_WARN_NON_LITERAL_NULL_CONVERSION = YES;
				CLANG_WARN_OBJC_IMPLICIT_RETAIN_SELF = YES;
				CLANG_WARN_OBJC_LITERAL_CONVERSION = YES;
				CLANG_WARN_OBJC_ROOT_CLASS = YES_ERROR;
				CLANG_WARN_RANGE_LOOP_ANALYSIS = YES;
				CLANG_WARN_STRICT_PROTOTYPES = YES;
				CLANG_WARN_SUSPICIOUS_MOVE = YES;
				CLANG_WARN_UNGUARDED_AVAILABILITY = YES_AGGRESSIVE;
				CLANG_WARN_UNREACHABLE_CODE = YES;
				CLANG_WARN__DUPLICATE_METHOD_MATCH = YES;
				COPY_PHASE_STRIP = NO;
				DEBUG_INFORMATION_FORMAT = "dwarf-with-dsym";
				ENABLE_NS_ASSERTIONS = NO;
				ENABLE_STRICT_OBJC_MSGSEND = YES;
				GCC_C_LANGUAGE_STANDARD = gnu11;
				GCC_NO_COMMON_BLOCKS = YES;
				GCC_WARN_64_TO_32_BIT_CONVERSION = YES;
				GCC_WARN_ABOUT_RETURN_TYPE = YES_ERROR;
				GCC_WARN_UNDECLARED_SELECTOR = YES;
				GCC_WARN_UNINITIALIZED_AUTOS = YES_AGGRESSIVE;
				GCC_WARN_UNUSED_FUNCTION = YES;
				GCC_WARN_UNUSED_VARIABLE = YES;
				IPHONEOS_DEPLOYMENT_TARGET = 13.6;
				MTL_ENABLE_DEBUG_INFO = NO;
				MTL_FAST_MATH = YES;
				SDKROOT = iphoneos;
				SWIFT_COMPILATION_MODE = wholemodule;
				SWIFT_OPTIMIZATION_LEVEL = "-O";
				VALIDATE_PRODUCT = YES;
			};
			name = Release;
		};
		0479F3E22522362B0000C647 /* Debug */ = {
			isa = XCBuildConfiguration;
			buildSettings = {
				ASSETCATALOG_COMPILER_APPICON_NAME = AppIcon;
				CODE_SIGN_STYLE = Automatic;
				DEVELOPMENT_TEAM = 5GSQWCM5G4;
				INFOPLIST_FILE = "ios-cw-6-hm-3-x-o/Info.plist";
				IPHONEOS_DEPLOYMENT_TARGET = 13.1;
				LD_RUNPATH_SEARCH_PATHS = (
					"$(inherited)",
					"@executable_path/Frameworks",
				);
				PRODUCT_BUNDLE_IDENTIFIER = "nothing.ios-cw-6-hm-3-x-o";
				PRODUCT_NAME = "$(TARGET_NAME)";
				SWIFT_VERSION = 5.0;
				TARGETED_DEVICE_FAMILY = "1,2";
			};
			name = Debug;
		};
		0479F3E32522362B0000C647 /* Release */ = {
			isa = XCBuildConfiguration;
			buildSettings = {
				ASSETCATALOG_COMPILER_APPICON_NAME = AppIcon;
				CODE_SIGN_STYLE = Automatic;
				DEVELOPMENT_TEAM = 5GSQWCM5G4;
				INFOPLIST_FILE = "ios-cw-6-hm-3-x-o/Info.plist";
				IPHONEOS_DEPLOYMENT_TARGET = 13.1;
				LD_RUNPATH_SEARCH_PATHS = (
					"$(inherited)",
					"@executable_path/Frameworks",
				);
				PRODUCT_BUNDLE_IDENTIFIER = "nothing.ios-cw-6-hm-3-x-o";
				PRODUCT_NAME = "$(TARGET_NAME)";
				SWIFT_VERSION = 5.0;
				TARGETED_DEVICE_FAMILY = "1,2";
			};
			name = Release;
		};
/* End XCBuildConfiguration section */

/* Begin XCConfigurationList section */
		0479F3C8252236270000C647 /* Build configuration list for PBXProject "ios-cw-6-hm-3-x-o" */ = {
			isa = XCConfigurationList;
			buildConfigurations = (
				0479F3DF2522362B0000C647 /* Debug */,
				0479F3E02522362B0000C647 /* Release */,
			);
			defaultConfigurationIsVisible = 0;
			defaultConfigurationName = Release;
		};
		0479F3E12522362B0000C647 /* Build configuration list for PBXNativeTarget "ios-cw-6-hm-3-x-o" */ = {
			isa = XCConfigurationList;
			buildConfigurations = (
				0479F3E22522362B0000C647 /* Debug */,
				0479F3E32522362B0000C647 /* Release */,
			);
			defaultConfigurationIsVisible = 0;
			defaultConfigurationName = Release;
		};
/* End XCConfigurationList section */
	};
	rootObject = 0479F3C5252236270000C647 /* Project object */;
}
